
Microsoft Visual Studio Solution File, Format Version 12.00
# Visual Studio Express 15 for Windows Desktop
VisualStudioVersion = 15.0.28307.852
MinimumVisualStudioVersion = 10.0.40219.1
Project("{8BC9CEB8-8B4A-11D0-8D11-00A0C91BC942}") = "tema_tp", "tema_tp\tema_tp.vcxproj", "{1B15F80D-27C2-4567-BC41-077CDA3EB6F3}"
EndProject
Global
	GlobalSection(SolutionConfigurationPlatforms) = preSolution
		Debug|x64 = Debug|x64
		Debug|x86 = Debug|x86
		Release|x64 = Release|x64
		Release|x86 = Release|x86
	EndGlobalSection
	GlobalSection(ProjectConfigurationPlatforms) = postSolution
		{1B15F80D-27C2-4567-BC41-077CDA3EB6F3}.Debug|x64.ActiveCfg = Debug|x64
		{1B15F80D-27C2-4567-BC41-077CDA3EB6F3}.Debug|x64.Build.0 = Debug|x64
		{1B15F80D-27C2-4567-BC41-077CDA3EB6F3}.Debug|x86.ActiveCfg = Debug|Win32
		{1B15F80D-27C2-4567-BC41-077CDA3EB6F3}.Debug|x86.Build.0 = Debug|Win32
		{1B15F80D-27C2-4567-BC41-077CDA3EB6F3}.Release|x64.ActiveCfg = Release|x64
		{1B15F80D-27C2-4567-BC41-077CDA3EB6F3}.Release|x64.Build.0 = Release|x64
		{1B15F80D-27C2-4567-BC41-077CDA3EB6F3}.Release|x86.ActiveCfg = Release|Win32
		{1B15F80D-27C2-4567-BC41-077CDA3EB6F3}.Release|x86.Build.0 = Release|Win32
	EndGlobalSection
	GlobalSection(SolutionProperties) = preSolution
		HideSolutionNode = FALSE
	EndGlobalSection
	GlobalSection(ExtensibilityGlobals) = postSolution
		SolutionGuid = {38076559-F3E8-42BD-9AFA-06C279BE1481}
	EndGlobalSection
EndGlobal
